
Microsoft Visual Studio Solution File, Format Version 12.00
# Visual Studio Version 17
VisualStudioVersion = 17.5.33424.131
MinimumVisualStudioVersion = 10.0.40219.1
Project("{FAE04EC0-301F-11D3-BF4B-00C04F79EFBC}") = "seminar7", "seminar7\seminar7.csproj", "{7537D9FA-071E-4444-B50C-A7CA530E4376}"
EndProject
Project("{FAE04EC0-301F-11D3-BF4B-00C04F79EFBC}") = "task48", "task48\task48.csproj", "{F8447EC1-4662-4FA9-BBCC-198CBD6F26A6}"
EndProject
Project("{FAE04EC0-301F-11D3-BF4B-00C04F79EFBC}") = "task49", "task49\task49.csproj", "{4A534755-F668-4340-A1D3-B7407C5E07EE}"
EndProject
Global
	GlobalSection(SolutionConfigurationPlatforms) = preSolution
		Debug|Any CPU = Debug|Any CPU
		Release|Any CPU = Release|Any CPU
	EndGlobalSection
	GlobalSection(ProjectConfigurationPlatforms) = postSolution
		{7537D9FA-071E-4444-B50C-A7CA530E4376}.Debug|Any CPU.ActiveCfg = Debug|Any CPU
		{7537D9FA-071E-4444-B50C-A7CA530E4376}.Debug|Any CPU.Build.0 = Debug|Any CPU
		{7537D9FA-071E-4444-B50C-A7CA530E4376}.Release|Any CPU.ActiveCfg = Release|Any CPU
		{7537D9FA-071E-4444-B50C-A7CA530E4376}.Release|Any CPU.Build.0 = Release|Any CPU
		{F8447EC1-4662-4FA9-BBCC-198CBD6F26A6}.Debug|Any CPU.ActiveCfg = Debug|Any CPU
		{F8447EC1-4662-4FA9-BBCC-198CBD6F26A6}.Debug|Any CPU.Build.0 = Debug|Any CPU
		{F8447EC1-4662-4FA9-BBCC-198CBD6F26A6}.Release|Any CPU.ActiveCfg = Release|Any CPU
		{F8447EC1-4662-4FA9-BBCC-198CBD6F26A6}.Release|Any CPU.Build.0 = Release|Any CPU
		{4A534755-F668-4340-A1D3-B7407C5E07EE}.Debug|Any CPU.ActiveCfg = Debug|Any CPU
		{4A534755-F668-4340-A1D3-B7407C5E07EE}.Debug|Any CPU.Build.0 = Debug|Any CPU
		{4A534755-F668-4340-A1D3-B7407C5E07EE}.Release|Any CPU.ActiveCfg = Release|Any CPU
		{4A534755-F668-4340-A1D3-B7407C5E07EE}.Release|Any CPU.Build.0 = Release|Any CPU
	EndGlobalSection
	GlobalSection(SolutionProperties) = preSolution
		HideSolutionNode = FALSE
	EndGlobalSection
	GlobalSection(ExtensibilityGlobals) = postSolution
		SolutionGuid = {D34E5575-5651-4F17-B320-700B15B4B189}
	EndGlobalSection
EndGlobal
